
Microsoft Visual Studio Solution File, Format Version 12.00
# Visual Studio 15
Project("{FAE04EC0-301F-11D3-BF4B-00C04F79EFBC}") = "Assembly-CSharp", "Assembly-CSharp.csproj", "{ECD2845A-3DB1-0644-DDCE-A9DB0855388D}"
EndProject
Project("{FAE04EC0-301F-11D3-BF4B-00C04F79EFBC}") = "Assembly-CSharp-Editor", "Assembly-CSharp-Editor.csproj", "{64C9DF37-BD84-91C2-BE3F-FEF86562A7D5}"
EndProject
Global
	GlobalSection(SolutionConfigurationPlatforms) = preSolution
		Debug|Any CPU = Debug|Any CPU
		Release|Any CPU = Release|Any CPU
	EndGlobalSection
	GlobalSection(ProjectConfigurationPlatforms) = postSolution
		{ECD2845A-3DB1-0644-DDCE-A9DB0855388D}.Debug|Any CPU.ActiveCfg = Debug|Any CPU
		{ECD2845A-3DB1-0644-DDCE-A9DB0855388D}.Debug|Any CPU.Build.0 = Debug|Any CPU
		{ECD2845A-3DB1-0644-DDCE-A9DB0855388D}.Release|Any CPU.ActiveCfg = Release|Any CPU
		{ECD2845A-3DB1-0644-DDCE-A9DB0855388D}.Release|Any CPU.Build.0 = Release|Any CPU
		{64C9DF37-BD84-91C2-BE3F-FEF86562A7D5}.Debug|Any CPU.ActiveCfg = Debug|Any CPU
		{64C9DF37-BD84-91C2-BE3F-FEF86562A7D5}.Debug|Any CPU.Build.0 = Debug|Any CPU
		{64C9DF37-BD84-91C2-BE3F-FEF86562A7D5}.Release|Any CPU.ActiveCfg = Release|Any CPU
		{64C9DF37-BD84-91C2-BE3F-FEF86562A7D5}.Release|Any CPU.Build.0 = Release|Any CPU
	EndGlobalSection
	GlobalSection(SolutionProperties) = preSolution
		HideSolutionNode = FALSE
	EndGlobalSection
EndGlobal
